Microsoft Visual Studio Solution File, Format Version 12.00
# Visual Studio Version 17
VisualStudioVersion = 17.14.36930.0
MinimumVisualStudioVersion = 10.0.40219.1
Project("{B1E792BE-AA5F-4E3C-8C82-674BF9C0715B}") = "TwinCAT_TF3820_StandaloneModelTest", "TwinCAT_TF3820_StandaloneModelTest.tsproj", "{f7c6b231-410c-5b2c-8e48-62924b50a786}"
EndProject
Global
	GlobalSection(SolutionConfigurationPlatforms) = preSolution
		Debug|TwinCAT RT (x64) = Debug|TwinCAT RT (x64)
		Release|TwinCAT RT (x64) = Release|TwinCAT RT (x64)
	EndGlobalSection
	GlobalSection(ProjectConfigurationPlatforms) = postSolution
		{f7c6b231-410c-5b2c-8e48-62924b50a786}.Debug|TwinCAT RT (x64).ActiveCfg = Debug|TwinCAT RT (x64)
		{f7c6b231-410c-5b2c-8e48-62924b50a786}.Debug|TwinCAT RT (x64).Build.0 = Debug|TwinCAT RT (x64)
		{f7c6b231-410c-5b2c-8e48-62924b50a786}.Release|TwinCAT RT (x64).ActiveCfg = Release|TwinCAT RT (x64)
		{f7c6b231-410c-5b2c-8e48-62924b50a786}.Release|TwinCAT RT (x64).Build.0 = Release|TwinCAT RT (x64)
	EndGlobalSection
	GlobalSection(SolutionProperties) = preSolution
		HideSolutionNode = FALSE
	EndGlobalSection
EndGlobal
